
Microsoft Visual Studio Solution File, Format Version 12.00
# Visual Studio 15
VisualStudioVersion = 15.0.26730.16
MinimumVisualStudioVersion = 10.0.40219.1
Project("{FAE04EC0-301F-11D3-BF4B-00C04F79EFBC}") = "EventAPI", "EventAPI\EventAPI.csproj", "{70834E33-F841-4C04-8D99-F0781CAD1795}"
EndProject
Global
	GlobalSection(SolutionConfigurationPlatforms) = preSolution
		Debug|Any CPU = Debug|Any CPU
		Release|Any CPU = Release|Any CPU
	EndGlobalSection
	GlobalSection(ProjectConfigurationPlatforms) = postSolution
		{70834E33-F841-4C04-8D99-F0781CAD1795}.Debug|Any CPU.ActiveCfg = Debug|Any CPU
		{70834E33-F841-4C04-8D99-F0781CAD1795}.Debug|Any CPU.Build.0 = Debug|Any CPU
		{70834E33-F841-4C04-8D99-F0781CAD1795}.Release|Any CPU.ActiveCfg = Release|Any CPU
		{70834E33-F841-4C04-8D99-F0781CAD1795}.Release|Any CPU.Build.0 = Release|Any CPU
	EndGlobalSection
	GlobalSection(SolutionProperties) = preSolution
		HideSolutionNode = FALSE
	EndGlobalSection
	GlobalSection(ExtensibilityGlobals) = postSolution
		SolutionGuid = {C8411FF8-B93F-4967-B0AD-D909E8F7F67F}
	EndGlobalSection
EndGlobal
